<?xml version="1.0" encoding="utf-8"?>
<Project ToolsVersion="4.0" xmlns="http://schemas.microsoft.com/developer/msbuild/2003">
  <ItemGroup>
    <Filter Include="src">
      <UniqueIdentifier>{0b1cc9a2-d6dd-4f0d-bd59-b9db4a42be71}</UniqueIdentifier>
    </Filter>
    <Filter Include="contrib">
      <UniqueIdentifier>{0a6c15a9-4c1e-4003-89da-2d0317c919fc}</UniqueIdentifier>
    </Filter>
    <Filter Include="contrib\src">
      <UniqueIdentifier>{be3f9cb3-5081-4bf8-9086-e086fda720a3}</UniqueIdentifier>
    </Filter>
    <Filter Include="data">
      <UniqueIdentifier>{c4568151-d85a-45fa-8909-3e7cc087fdf8}</UniqueIdentifier>
    </Filter>
  </ItemGroup>
  <ItemGroup>
    <ClCompile Include="src\main.cpp">
      <Filter>src</Filter>
    </ClCompile>
    <ClCompile Include="contrib\src\glad.c">
      <Filter>contrib\src</Filter>
    </ClCompile>
    <ClCompile Include="src\Shader.cpp">
      <Filter>src</Filter>
    </ClCompile>
    <ClCompile Include="contrib\src\stb_impl.cpp">
      <Filter>contrib\src</Filter>
    </ClCompile>
  </ItemGroup>
  <ItemGroup>
    <ClInclude Include="src\Shader.h">
      <Filter>src</Filter>
    </ClInclude>
  </ItemGroup>
  <ItemGroup>
    <None Include="data\shader.fs">
      <Filter>data</Filter>
    </None>
    <None Include="data\shader.vs">
      <Filter>data</Filter>
    </None>
  </ItemGroup>
</Project>